{
  "name": "imodeljs-core",
  "requires": true,
  "lockfileVersion": 1,
  "dependencies": {
    "@bentley/imodeljs-common": {
      "version": "0.189.0-dev.6",
      "resolved": "https://npm.bentley.com/npm/npm/@bentley/imodeljs-common/-/imodeljs-common-0.189.0-dev.6.tgz",
      "integrity": "sha1-b4kJZicwt8c6rlWQ9GUGejJBlY0=",
      "requires": {
        "semver": "^5.5.0",
        "url-search-params": "^1.1.0"
      }
    },
    "semver": {
      "version": "5.6.0",
      "resolved": "https://registry.npmjs.org/semver/-/semver-5.6.0.tgz",
      "integrity": "sha512-RS9R6R35NYgQn++fkDWaOmqGoj4Ek9gGs+DPxNUZKuwE183xjJroKvyo1IzVFeXvUrvmALy6FWD5xrdJT25gMg=="
    },
    "url-search-params": {
      "version": "1.1.0",
      "resolved": "https://registry.npmjs.org/url-search-params/-/url-search-params-1.1.0.tgz",
      "integrity": "sha512-XiO5GLAxmlZgdLob/RmKZRc2INHrssMbpwD6O46JkB1aEJO4fkV3x3mR6+CDX01ijfEUwvfwCiUQZrKqfm1ILw=="
    }
  }
}
